
Microsoft Visual Studio Solution File, Format Version 12.00
# Visual Studio 14
VisualStudioVersion = 14.0.25420.1
MinimumVisualStudioVersion = 10.0.40219.1
Project("{FAE04EC0-301F-11D3-BF4B-00C04F79EFBC}") = "ExercicioFinal.WebApi", "ExercicioFinal.WebApi\ExercicioFinal.WebApi.csproj", "{B3A4039D-AD2E-4A65-8EF8-E4F477EB84B4}"
EndProject
Project("{FAE04EC0-301F-11D3-BF4B-00C04F79EFBC}") = "ExercicioFinal.FrontEnd2", "ExercicioFinal.FrontEnd2\ExercicioFinal.FrontEnd2.csproj", "{E23BC413-EBA6-403B-BC8F-A32A8C0FC68E}"
EndProject
Global
	GlobalSection(SolutionConfigurationPlatforms) = preSolution
		Debug|Any CPU = Debug|Any CPU
		Release|Any CPU = Release|Any CPU
	EndGlobalSection
	GlobalSection(ProjectConfigurationPlatforms) = postSolution
		{B3A4039D-AD2E-4A65-8EF8-E4F477EB84B4}.Debug|Any CPU.ActiveCfg = Debug|Any CPU
		{B3A4039D-AD2E-4A65-8EF8-E4F477EB84B4}.Debug|Any CPU.Build.0 = Debug|Any CPU
		{B3A4039D-AD2E-4A65-8EF8-E4F477EB84B4}.Release|Any CPU.ActiveCfg = Release|Any CPU
		{B3A4039D-AD2E-4A65-8EF8-E4F477EB84B4}.Release|Any CPU.Build.0 = Release|Any CPU
		{E23BC413-EBA6-403B-BC8F-A32A8C0FC68E}.Debug|Any CPU.ActiveCfg = Debug|Any CPU
		{E23BC413-EBA6-403B-BC8F-A32A8C0FC68E}.Debug|Any CPU.Build.0 = Debug|Any CPU
		{E23BC413-EBA6-403B-BC8F-A32A8C0FC68E}.Release|Any CPU.ActiveCfg = Release|Any CPU
		{E23BC413-EBA6-403B-BC8F-A32A8C0FC68E}.Release|Any CPU.Build.0 = Release|Any CPU
	EndGlobalSection
	GlobalSection(SolutionProperties) = preSolution
		HideSolutionNode = FALSE
	EndGlobalSection
EndGlobal
